
Microsoft Visual Studio Solution File, Format Version 12.00
# Visual Studio 15
VisualStudioVersion = 15.0.28307.757
MinimumVisualStudioVersion = 10.0.40219.1
Project("{E24C65DC-7377-472B-9ABA-BC803B73C61A}") = "TCC", "TCC\", "{18D10B86-D584-4267-9957-BF3F47D136B5}"
	ProjectSection(WebsiteProperties) = preProject
		TargetFrameworkMoniker = ".NETFramework,Version%3Dv3.5"
		Debug.AspNetCompiler.VirtualPath = "/localhost_51094"
		Debug.AspNetCompiler.PhysicalPath = "TCC\"
		Debug.AspNetCompiler.TargetPath = "PrecompiledWeb\localhost_51094\"
		Debug.AspNetCompiler.Updateable = "true"
		Debug.AspNetCompiler.ForceOverwrite = "true"
		Debug.AspNetCompiler.FixedNames = "false"
		Debug.AspNetCompiler.Debug = "True"
		Release.AspNetCompiler.VirtualPath = "/localhost_51094"
		Release.AspNetCompiler.PhysicalPath = "TCC\"
		Release.AspNetCompiler.TargetPath = "PrecompiledWeb\localhost_51094\"
		Release.AspNetCompiler.Updateable = "true"
		Release.AspNetCompiler.ForceOverwrite = "true"
		Release.AspNetCompiler.FixedNames = "false"
		Release.AspNetCompiler.Debug = "False"
		VWDPort = "51094"
		SlnRelativePath = "TCC\"
		DefaultWebSiteLanguage = "Visual C#"
	EndProjectSection
EndProject
Global
	GlobalSection(SolutionConfigurationPlatforms) = preSolution
		Debug|Any CPU = Debug|Any CPU
	EndGlobalSection
	GlobalSection(ProjectConfigurationPlatforms) = postSolution
		{18D10B86-D584-4267-9957-BF3F47D136B5}.Debug|Any CPU.ActiveCfg = Debug|Any CPU
		{18D10B86-D584-4267-9957-BF3F47D136B5}.Debug|Any CPU.Build.0 = Debug|Any CPU
	EndGlobalSection
	GlobalSection(SolutionProperties) = preSolution
		HideSolutionNode = FALSE
	EndGlobalSection
	GlobalSection(ExtensibilityGlobals) = postSolution
		SolutionGuid = {72952FF1-3D7F-4BF1-BFC7-07EE740FFF90}
	EndGlobalSection
EndGlobal
